// !$*UTF8*$!
{
	archiveVersion = 1;
	classes = {
	};
	objectVersion = 46;
	objects = {

/* Begin PBXBuildFile section */
		BE7BEBD2191C596300C56C66 /* FootballImg.png in Resources */ = {isa = PBXBuildFile; fileRef = BE7BEBD1191C596300C56C66 /* FootballImg.png */; };
		BE7BEBD5191C596900C56C66 /* VolleyballImg.jpeg in Resources */ = {isa = PBXBuildFile; fileRef = BE7BEBD4191C596900C56C66 /* VolleyballImg.jpeg */; };
		BEA57DE3191B7FB2003E0B70 /* UIKit.framework in Frameworks */ = {isa = PBXBuildFile; fileRef = BEA57DE2191B7FB2003E0B70 /* UIKit.framework */; };
		BEA57DE5191B7FB2003E0B70 /* Foundation.framework in Frameworks */ = {isa = PBXBuildFile; fileRef = BEA57DE4191B7FB2003E0B70 /* Foundation.framework */; };
		BEA57DE7191B7FB2003E0B70 /* CoreGraphics.framework in Frameworks */ = {isa = PBXBuildFile; fileRef = BEA57DE6191B7FB2003E0B70 /* CoreGraphics.framework */; };
		BEA57DED191B7FB2003E0B70 /* InfoPlist.strings in Resources */ = {isa = PBXBuildFile; fileRef = BEA57DEB191B7FB2003E0B70 /* InfoPlist.strings */; };
		BEA57DEF191B7FB2003E0B70 /* main.m in Sources */ = {isa = PBXBuildFile; fileRef = BEA57DEE191B7FB2003E0B70 /* main.m */; };
		BEA57DF3191B7FB2003E0B70 /* AppDelegate.m in Sources */ = {isa = PBXBuildFile; fileRef = BEA57DF2191B7FB2003E0B70 /* AppDelegate.m */; };
		BEA57DF6191B7FB2003E0B70 /* MainStoryboard.storyboard in Resources */ = {isa = PBXBuildFile; fileRef = BEA57DF4191B7FB2003E0B70 /* MainStoryboard.storyboard */; };
		BEA57DF9191B7FB2003E0B70 /* ViewController.m in Sources */ = {isa = PBXBuildFile; fileRef = BEA57DF8191B7FB2003E0B70 /* ViewController.m */; };
		BEA57E02191B81B6003E0B70 /* Product.m in Sources */ = {isa = PBXBuildFile; fileRef = BEA57E01191B81B6003E0B70 /* Product.m */; };
		BEA57E08191B82E4003E0B70 /* ProductCell.m in Sources */ = {isa = PBXBuildFile; fileRef = BEA57E07191B82E4003E0B70 /* ProductCell.m */; };
/* End PBXBuildFile section */

/* Begin PBXFileReference section */
		BE7BEBD1191C596300C56C66 /* FootballImg.png */ = {isa = PBXFileReference; lastKnownFileType = image.png; path = FootballImg.png; sourceTree = "<group>"; };
		BE7BEBD4191C596900C56C66 /* VolleyballImg.jpeg */ = {isa = PBXFileReference; lastKnownFileType = image.jpeg; path = VolleyballImg.jpeg; sourceTree = "<group>"; };
		BEA57DDE191B7FB2003E0B70 /* usercell.app */ = {isa = PBXFileReference; explicitFileType = wrapper.application; includeInIndex = 0; path = usercell.app; sourceTree = BUILT_PRODUCTS_DIR; };
		BEA57DE2191B7FB2003E0B70 /* UIKit.framework */ = {isa = PBXFileReference; lastKnownFileType = wrapper.framework; name = UIKit.framework; path = System/Library/Frameworks/UIKit.framework; sourceTree = SDKROOT; };
		BEA57DE4191B7FB2003E0B70 /* Foundation.framework */ = {isa = PBXFileReference; lastKnownFileType = wrapper.framework; name = Foundation.framework; path = System/Library/Frameworks/Foundation.framework; sourceTree = SDKROOT; };
		BEA57DE6191B7FB2003E0B70 /* CoreGraphics.framework */ = {isa = PBXFileReference; lastKnownFileType = wrapper.framework; name = CoreGraphics.framework; path = System/Library/Frameworks/CoreGraphics.framework; sourceTree = SDKROOT; };
		BEA57DEA191B7FB2003E0B70 /* usercell-Info.plist */ = {isa = PBXFileReference; lastKnownFileType = text.plist.xml; path = "usercell-Info.plist"; sourceTree = "<group>"; };
		BEA57DEC191B7FB2003E0B70 /* en */ = {isa = PBXFileReference; lastKnownFileType = text.plist.strings; name = en; path = en.lproj/InfoPlist.strings; sourceTree = "<group>"; };
		BEA57DEE191B7FB2003E0B70 /* main.m */ = {isa = PBXFileReference; lastKnownFileType = sourcecode.c.objc; path = main.m; sourceTree = "<group>"; };
		BEA57DF0191B7FB2003E0B70 /* usercell-Prefix.pch */ = {isa = PBXFileReference; lastKnownFileType = sourcecode.c.h; path = "usercell-Prefix.pch"; sourceTree = "<group>"; };
		BEA57DF1191B7FB2003E0B70 /* AppDelegate.h */ = {isa = PBXFileReference; lastKnownFileType = sourcecode.c.h; path = AppDelegate.h; sourceTree = "<group>"; };
		BEA57DF2191B7FB2003E0B70 /* AppDelegate.m */ = {isa = PBXFileReference; lastKnownFileType = sourcecode.c.objc; path = AppDelegate.m; sourceTree = "<group>"; };
		BEA57DF5191B7FB2003E0B70 /* en */ = {isa = PBXFileReference; lastKnownFileType = file.storyboard; name = en; path = en.lproj/MainStoryboard.storyboard; sourceTree = "<group>"; };
		BEA57DF7191B7FB2003E0B70 /* ViewController.h */ = {isa = PBXFileReference; lastKnownFileType = sourcecode.c.h; path = ViewController.h; sourceTree = "<group>"; };
		BEA57DF8191B7FB2003E0B70 /* ViewController.m */ = {isa = PBXFileReference; lastKnownFileType = sourcecode.c.objc; path = ViewController.m; sourceTree = "<group>"; };
		BEA57E00191B81B6003E0B70 /* Product.h */ = {isa = PBXFileReference; fileEncoding = 4; lastKnownFileType = sourcecode.c.h; name = Product.h; path = ../Product.h; sourceTree = "<group>"; };
		BEA57E01191B81B6003E0B70 /* Product.m */ = {isa = PBXFileReference; fileEncoding = 4; lastKnownFileType = sourcecode.c.objc; name = Product.m; path = ../Product.m; sourceTree = "<group>"; };
		BEA57E06191B82E4003E0B70 /* ProductCell.h */ = {isa = PBXFileReference; fileEncoding = 4; lastKnownFileType = sourcecode.c.h; name = ProductCell.h; path = ../ProductCell.h; sourceTree = "<group>"; };
		BEA57E07191B82E4003E0B70 /* ProductCell.m */ = {isa = PBXFileReference; fileEncoding = 4; lastKnownFileType = sourcecode.c.objc; name = ProductCell.m; path = ../ProductCell.m; sourceTree = "<group>"; };
/* End PBXFileReference section */

/* Begin PBXFrameworksBuildPhase section */
		BEA57DDB191B7FB2003E0B70 /* Frameworks */ = {
			isa = PBXFrameworksBuildPhase;
			buildActionMask = 2147483647;
			files = (
				BEA57DE3191B7FB2003E0B70 /* UIKit.framework in Frameworks */,
				BEA57DE5191B7FB2003E0B70 /* Foundation.framework in Frameworks */,
				BEA57DE7191B7FB2003E0B70 /* CoreGraphics.framework in Frameworks */,
			);
			runOnlyForDeploymentPostprocessing = 0;
		};
/* End PBXFrameworksBuildPhase section */

/* Begin PBXGroup section */
		BEA57DD3191B7FB2003E0B70 = {
			isa = PBXGroup;
			children = (
				BEA57DE8191B7FB2003E0B70 /* usercell */,
				BEA57DE1191B7FB2003E0B70 /* Frameworks */,
				BEA57DDF191B7FB2003E0B70 /* Products */,
			);
			sourceTree = "<group>";
		};
		BEA57DDF191B7FB2003E0B70 /* Products */ = {
			isa = PBXGroup;
			children = (
				BEA57DDE191B7FB2003E0B70 /* usercell.app */,
			);
			name = Products;
			sourceTree = "<group>";
		};
		BEA57DE1191B7FB2003E0B70 /* Frameworks */ = {
			isa = PBXGroup;
			children = (
				BEA57DE2191B7FB2003E0B70 /* UIKit.framework */,
				BEA57DE4191B7FB2003E0B70 /* Foundation.framework */,
				BEA57DE6191B7FB2003E0B70 /* CoreGraphics.framework */,
			);
			name = Frameworks;
			sourceTree = "<group>";
		};
		BEA57DE8191B7FB2003E0B70 /* usercell */ = {
			isa = PBXGroup;
			children = (
				BE7BEBD1191C596300C56C66 /* FootballImg.png */,
				BE7BEBD4191C596900C56C66 /* VolleyballImg.jpeg */,
				BEA57E06191B82E4003E0B70 /* ProductCell.h */,
				BEA57E07191B82E4003E0B70 /* ProductCell.m */,
				BEA57E00191B81B6003E0B70 /* Product.h */,
				BEA57E01191B81B6003E0B70 /* Product.m */,
				BEA57DF1191B7FB2003E0B70 /* AppDelegate.h */,
				BEA57DF2191B7FB2003E0B70 /* AppDelegate.m */,
				BEA57DF4191B7FB2003E0B70 /* MainStoryboard.storyboard */,
				BEA57DF7191B7FB2003E0B70 /* ViewController.h */,
				BEA57DF8191B7FB2003E0B70 /* ViewController.m */,
				BEA57DE9191B7FB2003E0B70 /* Supporting Files */,
			);
			path = usercell;
			sourceTree = "<group>";
		};
		BEA57DE9191B7FB2003E0B70 /* Supporting Files */ = {
			isa = PBXGroup;
			children = (
				BEA57DEA191B7FB2003E0B70 /* usercell-Info.plist */,
				BEA57DEB191B7FB2003E0B70 /* InfoPlist.strings */,
				BEA57DEE191B7FB2003E0B70 /* main.m */,
				BEA57DF0191B7FB2003E0B70 /* usercell-Prefix.pch */,
			);
			name = "Supporting Files";
			sourceTree = "<group>";
		};
/* End PBXGroup section */

/* Begin PBXNativeTarget section */
		BEA57DDD191B7FB2003E0B70 /* usercell */ = {
			isa = PBXNativeTarget;
			buildConfigurationList = BEA57DFC191B7FB2003E0B70 /* Build configuration list for PBXNativeTarget "usercell" */;
			buildPhases = (
				BEA57DDA191B7FB2003E0B70 /* Sources */,
				BEA57DDB191B7FB2003E0B70 /* Frameworks */,
				BEA57DDC191B7FB2003E0B70 /* Resources */,
			);
			buildRules = (
			);
			dependencies = (
			);
			name = usercell;
			productName = usercell;
			productReference = BEA57DDE191B7FB2003E0B70 /* usercell.app */;
			productType = "com.apple.product-type.application";
		};
/* End PBXNativeTarget section */

/* Begin PBXProject section */
		BEA57DD5191B7FB2003E0B70 /* Project object */ = {
			isa = PBXProject;
			attributes = {
				LastUpgradeCheck = 0430;
			};
			buildConfigurationList = BEA57DD8191B7FB2003E0B70 /* Build configuration list for PBXProject "usercell" */;
			compatibilityVersion = "Xcode 3.2";
			developmentRegion = English;
			hasScannedForEncodings = 0;
			knownRegions = (
				en,
			);
			mainGroup = BEA57DD3191B7FB2003E0B70;
			productRefGroup = BEA57DDF191B7FB2003E0B70 /* Products */;
			projectDirPath = "";
			projectRoot = "";
			targets = (
				BEA57DDD191B7FB2003E0B70 /* usercell */,
			);
		};
/* End PBXProject section */

/* Begin PBXResourcesBuildPhase section */
		BEA57DDC191B7FB2003E0B70 /* Resources */ = {
			isa = PBXResourcesBuildPhase;
			buildActionMask = 2147483647;
			files = (
				BEA57DED191B7FB2003E0B70 /* InfoPlist.strings in Resources */,
				BEA57DF6191B7FB2003E0B70 /* MainStoryboard.storyboard in Resources */,
				BE7BEBD2191C596300C56C66 /* FootballImg.png in Resources */,
				BE7BEBD5191C596900C56C66 /* VolleyballImg.jpeg in Resources */,
			);
			runOnlyForDeploymentPostprocessing = 0;
		};
/* End PBXResourcesBuildPhase section */

/* Begin PBXSourcesBuildPhase section */
		BEA57DDA191B7FB2003E0B70 /* Sources */ = {
			isa = PBXSourcesBuildPhase;
			buildActionMask = 2147483647;
			files = (
				BEA57DEF191B7FB2003E0B70 /* main.m in Sources */,
				BEA57DF3191B7FB2003E0B70 /* AppDelegate.m in Sources */,
				BEA57DF9191B7FB2003E0B70 /* ViewController.m in Sources */,
				BEA57E02191B81B6003E0B70 /* Product.m in Sources */,
				BEA57E08191B82E4003E0B70 /* ProductCell.m in Sources */,
			);
			runOnlyForDeploymentPostprocessing = 0;
		};
/* End PBXSourcesBuildPhase section */

/* Begin PBXVariantGroup section */
		BEA57DEB191B7FB2003E0B70 /* InfoPlist.strings */ = {
			isa = PBXVariantGroup;
			children = (
				BEA57DEC191B7FB2003E0B70 /* en */,
			);
			name = InfoPlist.strings;
			sourceTree = "<group>";
		};
		BEA57DF4191B7FB2003E0B70 /* MainStoryboard.storyboard */ = {
			isa = PBXVariantGroup;
			children = (
				BEA57DF5191B7FB2003E0B70 /* en */,
			);
			name = MainStoryboard.storyboard;
			sourceTree = "<group>";
		};
/* End PBXVariantGroup section */

/* Begin XCBuildConfiguration section */
		BEA57DFA191B7FB2003E0B70 /* Debug */ = {
			isa = XCBuildConfiguration;
			buildSettings = {
				ALWAYS_SEARCH_USER_PATHS = NO;
				ARCHS = "$(ARCHS_STANDARD_32_BIT)";
				CLANG_ENABLE_OBJC_ARC = YES;
				"CODE_SIGN_IDENTITY[sdk=iphoneos*]" = "iPhone Developer";
				COPY_PHASE_STRIP = NO;
				GCC_C_LANGUAGE_STANDARD = gnu99;
				GCC_DYNAMIC_NO_PIC = NO;
				GCC_OPTIMIZATION_LEVEL = 0;
				GCC_PREPROCESSOR_DEFINITIONS = (
					"DEBUG=1",
					"$(inherited)",
				);
				GCC_SYMBOLS_PRIVATE_EXTERN = NO;
				GCC_VERSION = com.apple.compilers.llvm.clang.1_0;
				GCC_WARN_ABOUT_RETURN_TYPE = YES;
				GCC_WARN_UNINITIALIZED_AUTOS = YES;
				GCC_WARN_UNUSED_VARIABLE = YES;
				IPHONEOS_DEPLOYMENT_TARGET = 5.1;
				SDKROOT = iphoneos;
			};
			name = Debug;
		};
		BEA57DFB191B7FB2003E0B70 /* Release */ = {
			isa = XCBuildConfiguration;
			buildSettings = {
				ALWAYS_SEARCH_USER_PATHS = NO;
				ARCHS = "$(ARCHS_STANDARD_32_BIT)";
				CLANG_ENABLE_OBJC_ARC = YES;
				"CODE_SIGN_IDENTITY[sdk=iphoneos*]" = "iPhone Developer";
				COPY_PHASE_STRIP = YES;
				GCC_C_LANGUAGE_STANDARD = gnu99;
				GCC_VERSION = com.apple.compilers.llvm.clang.1_0;
				GCC_WARN_ABOUT_RETURN_TYPE = YES;
				GCC_WARN_UNINITIALIZED_AUTOS = YES;
				GCC_WARN_UNUSED_VARIABLE = YES;
				IPHONEOS_DEPLOYMENT_TARGET = 5.1;
				OTHER_CFLAGS = "-DNS_BLOCK_ASSERTIONS=1";
				SDKROOT = iphoneos;
				VALIDATE_PRODUCT = YES;
			};
			name = Release;
		};
		BEA57DFD191B7FB2003E0B70 /* Debug */ = {
			isa = XCBuildConfiguration;
			buildSettings = {
				GCC_PRECOMPILE_PREFIX_HEADER = YES;
				GCC_PREFIX_HEADER = "usercell/usercell-Prefix.pch";
				INFOPLIST_FILE = "usercell/usercell-Info.plist";
				PRODUCT_NAME = "$(TARGET_NAME)";
				WRAPPER_EXTENSION = app;
			};
			name = Debug;
		};
		BEA57DFE191B7FB2003E0B70 /* Release */ = {
			isa = XCBuildConfiguration;
			buildSettings = {
				GCC_PRECOMPILE_PREFIX_HEADER = YES;
				GCC_PREFIX_HEADER = "usercell/usercell-Prefix.pch";
				INFOPLIST_FILE = "usercell/usercell-Info.plist";
				PRODUCT_NAME = "$(TARGET_NAME)";
				WRAPPER_EXTENSION = app;
			};
			name = Release;
		};
/* End XCBuildConfiguration section */

/* Begin XCConfigurationList section */
		BEA57DD8191B7FB2003E0B70 /* Build configuration list for PBXProject "usercell" */ = {
			isa = XCConfigurationList;
			buildConfigurations = (
				BEA57DFA191B7FB2003E0B70 /* Debug */,
				BEA57DFB191B7FB2003E0B70 /* Release */,
			);
			defaultConfigurationIsVisible = 0;
			defaultConfigurationName = Release;
		};
		BEA57DFC191B7FB2003E0B70 /* Build configuration list for PBXNativeTarget "usercell" */ = {
			isa = XCConfigurationList;
			buildConfigurations = (
				BEA57DFD191B7FB2003E0B70 /* Debug */,
				BEA57DFE191B7FB2003E0B70 /* Release */,
			);
			defaultConfigurationIsVisible = 0;
			defaultConfigurationName = Release;
		};
/* End XCConfigurationList section */
	};
	rootObject = BEA57DD5191B7FB2003E0B70 /* Project object */;
}
